
Microsoft Visual Studio Solution File, Format Version 12.00
# Visual Studio Version 17
VisualStudioVersion = 17.8.34525.116
MinimumVisualStudioVersion = 10.0.40219.1
Project("{2150E333-8FDC-42A3-9474-1A3956D46DE8}") = "ASP.NET Core Identity + JWT", "ASP.NET Core Identity + JWT", "{A0B17F43-6DF2-47E1-82F9-CF5C7EE94523}"
EndProject
Project("{9A19103F-16F7-4668-BE54-9A1E7A4F7556}") = "JWTAuthentication", "JWTAuthentication\JWTAuthentication.csproj", "{2737C1B0-37A3-4993-B433-98265250070E}"
EndProject
Project("{2150E333-8FDC-42A3-9474-1A3956D46DE8}") = "Microservices", "Microservices", "{5894CCD6-BC4F-4887-AEB8-2A93D3421017}"
EndProject
Project("{2150E333-8FDC-42A3-9474-1A3956D46DE8}") = "Cloud Storage API", "Cloud Storage API", "{6C5F3988-9FD6-4D86-AA71-8C87EEEC643A}"
EndProject
Project("{9A19103F-16F7-4668-BE54-9A1E7A4F7556}") = "DropboxCloudStorage.API", "DropboxCloudStorage.API\DropboxCloudStorage.API.csproj", "{95D469FF-2AAE-445D-97EE-FA3C6CB50431}"
EndProject
Project("{2150E333-8FDC-42A3-9474-1A3956D46DE8}") = "Catalog of Games API", "Catalog of Games API", "{031B4C23-766E-47E4-BBBD-E6A1EA05E670}"
EndProject
Project("{9A19103F-16F7-4668-BE54-9A1E7A4F7556}") = "CatalogOfGames.API", "CatalogOfGames.API\CatalogOfGames.API.csproj", "{0B1E5B1A-EDAB-4CAE-93D0-A98127FC06B4}"
EndProject
Project("{9A19103F-16F7-4668-BE54-9A1E7A4F7556}") = "CatalogOfGames.DAL", "CatalogOfGames.DAL\CatalogOfGames.DAL.csproj", "{8725D130-724F-4B42-99ED-F35F80E91533}"
EndProject
Project("{9A19103F-16F7-4668-BE54-9A1E7A4F7556}") = "CatalogOfGames.BAL", "CatalogOfGames.BAL\CatalogOfGames.BAL.csproj", "{011E7810-7E3E-4F0E-8FCA-54C9D86E5A3A}"
EndProject
Project("{2150E333-8FDC-42A3-9474-1A3956D46DE8}") = "Email Service API", "Email Service API", "{26A1984B-2828-4E45-A96E-41CCA963B32E}"
EndProject
Project("{9A19103F-16F7-4668-BE54-9A1E7A4F7556}") = "EmailService.API", "EmailService.API\EmailService.API.csproj", "{7FA1AB16-3EFF-4209-B8A8-6D90C463121E}"
EndProject
Project("{2150E333-8FDC-42A3-9474-1A3956D46DE8}") = "OcelotAPIGateway&Aggregator", "OcelotAPIGateway&Aggregator", "{5E619671-969F-44DC-9CA9-F631BDA3E29B}"
EndProject
Project("{9A19103F-16F7-4668-BE54-9A1E7A4F7556}") = "OcelotAPIGateway", "OcelotAPIGateway\OcelotAPIGateway.csproj", "{D8E2DE17-47FB-4CBB-A59D-02F001285147}"
EndProject
Project("{9A19103F-16F7-4668-BE54-9A1E7A4F7556}") = "Aggregator", "Aggregator\Aggregator.csproj", "{73A7AC19-7CFE-4140-8C94-9470F49C0F05}"
EndProject
Project("{2150E333-8FDC-42A3-9474-1A3956D46DE8}") = "Others", "Others", "{E8FFFF0A-B3A4-42A6-AE09-E4DF1F361629}"
EndProject
Project("{9A19103F-16F7-4668-BE54-9A1E7A4F7556}") = "Helpers", "Helpers\Helpers.csproj", "{93460171-6837-41A8-A4A9-FC2AA8C26F9C}"
EndProject
Project("{2150E333-8FDC-42A3-9474-1A3956D46DE8}") = "Forum API", "Forum API", "{2650FD4F-9EFF-4F87-BAF0-52A1EA318DBE}"
EndProject
Project("{9A19103F-16F7-4668-BE54-9A1E7A4F7556}") = "Forum.DAL", "Forum.DAL\Forum.DAL.csproj", "{44023487-7885-4EC1-83B2-30420A25DEF2}"
EndProject
Project("{9A19103F-16F7-4668-BE54-9A1E7A4F7556}") = "Forum.BAL", "Forum.BAL\Forum.BAL.csproj", "{9F364861-EF51-48D9-B3E0-25E84CA00640}"
EndProject
Project("{9A19103F-16F7-4668-BE54-9A1E7A4F7556}") = "Forum.API", "Forum.API\Forum.API.csproj", "{83419754-2634-4B51-B5CA-C2A81EEA3AA5}"
EndProject
Global
	GlobalSection(SolutionConfigurationPlatforms) = preSolution
		Debug|Any CPU = Debug|Any CPU
		Release|Any CPU = Release|Any CPU
	EndGlobalSection
	GlobalSection(ProjectConfigurationPlatforms) = postSolution
		{2737C1B0-37A3-4993-B433-98265250070E}.Debug|Any CPU.ActiveCfg = Debug|Any CPU
		{2737C1B0-37A3-4993-B433-98265250070E}.Debug|Any CPU.Build.0 = Debug|Any CPU
		{2737C1B0-37A3-4993-B433-98265250070E}.Release|Any CPU.ActiveCfg = Release|Any CPU
		{2737C1B0-37A3-4993-B433-98265250070E}.Release|Any CPU.Build.0 = Release|Any CPU
		{95D469FF-2AAE-445D-97EE-FA3C6CB50431}.Debug|Any CPU.ActiveCfg = Debug|Any CPU
		{95D469FF-2AAE-445D-97EE-FA3C6CB50431}.Debug|Any CPU.Build.0 = Debug|Any CPU
		{95D469FF-2AAE-445D-97EE-FA3C6CB50431}.Release|Any CPU.ActiveCfg = Release|Any CPU
		{95D469FF-2AAE-445D-97EE-FA3C6CB50431}.Release|Any CPU.Build.0 = Release|Any CPU
		{0B1E5B1A-EDAB-4CAE-93D0-A98127FC06B4}.Debug|Any CPU.ActiveCfg = Debug|Any CPU
		{0B1E5B1A-EDAB-4CAE-93D0-A98127FC06B4}.Debug|Any CPU.Build.0 = Debug|Any CPU
		{0B1E5B1A-EDAB-4CAE-93D0-A98127FC06B4}.Release|Any CPU.ActiveCfg = Release|Any CPU
		{0B1E5B1A-EDAB-4CAE-93D0-A98127FC06B4}.Release|Any CPU.Build.0 = Release|Any CPU
		{8725D130-724F-4B42-99ED-F35F80E91533}.Debug|Any CPU.ActiveCfg = Debug|Any CPU
		{8725D130-724F-4B42-99ED-F35F80E91533}.Debug|Any CPU.Build.0 = Debug|Any CPU
		{8725D130-724F-4B42-99ED-F35F80E91533}.Release|Any CPU.ActiveCfg = Release|Any CPU
		{8725D130-724F-4B42-99ED-F35F80E91533}.Release|Any CPU.Build.0 = Release|Any CPU
		{011E7810-7E3E-4F0E-8FCA-54C9D86E5A3A}.Debug|Any CPU.ActiveCfg = Debug|Any CPU
		{011E7810-7E3E-4F0E-8FCA-54C9D86E5A3A}.Debug|Any CPU.Build.0 = Debug|Any CPU
		{011E7810-7E3E-4F0E-8FCA-54C9D86E5A3A}.Release|Any CPU.ActiveCfg = Release|Any CPU
		{011E7810-7E3E-4F0E-8FCA-54C9D86E5A3A}.Release|Any CPU.Build.0 = Release|Any CPU
		{7FA1AB16-3EFF-4209-B8A8-6D90C463121E}.Debug|Any CPU.ActiveCfg = Debug|Any CPU
		{7FA1AB16-3EFF-4209-B8A8-6D90C463121E}.Debug|Any CPU.Build.0 = Debug|Any CPU
		{7FA1AB16-3EFF-4209-B8A8-6D90C463121E}.Release|Any CPU.ActiveCfg = Release|Any CPU
		{7FA1AB16-3EFF-4209-B8A8-6D90C463121E}.Release|Any CPU.Build.0 = Release|Any CPU
		{D8E2DE17-47FB-4CBB-A59D-02F001285147}.Debug|Any CPU.ActiveCfg = Debug|Any CPU
		{D8E2DE17-47FB-4CBB-A59D-02F001285147}.Debug|Any CPU.Build.0 = Debug|Any CPU
		{D8E2DE17-47FB-4CBB-A59D-02F001285147}.Release|Any CPU.ActiveCfg = Release|Any CPU
		{D8E2DE17-47FB-4CBB-A59D-02F001285147}.Release|Any CPU.Build.0 = Release|Any CPU
		{73A7AC19-7CFE-4140-8C94-9470F49C0F05}.Debug|Any CPU.ActiveCfg = Debug|Any CPU
		{73A7AC19-7CFE-4140-8C94-9470F49C0F05}.Debug|Any CPU.Build.0 = Debug|Any CPU
		{73A7AC19-7CFE-4140-8C94-9470F49C0F05}.Release|Any CPU.ActiveCfg = Release|Any CPU
		{73A7AC19-7CFE-4140-8C94-9470F49C0F05}.Release|Any CPU.Build.0 = Release|Any CPU
		{93460171-6837-41A8-A4A9-FC2AA8C26F9C}.Debug|Any CPU.ActiveCfg = Debug|Any CPU
		{93460171-6837-41A8-A4A9-FC2AA8C26F9C}.Debug|Any CPU.Build.0 = Debug|Any CPU
		{93460171-6837-41A8-A4A9-FC2AA8C26F9C}.Release|Any CPU.ActiveCfg = Release|Any CPU
		{93460171-6837-41A8-A4A9-FC2AA8C26F9C}.Release|Any CPU.Build.0 = Release|Any CPU
		{44023487-7885-4EC1-83B2-30420A25DEF2}.Debug|Any CPU.ActiveCfg = Debug|Any CPU
		{44023487-7885-4EC1-83B2-30420A25DEF2}.Debug|Any CPU.Build.0 = Debug|Any CPU
		{44023487-7885-4EC1-83B2-30420A25DEF2}.Release|Any CPU.ActiveCfg = Release|Any CPU
		{44023487-7885-4EC1-83B2-30420A25DEF2}.Release|Any CPU.Build.0 = Release|Any CPU
		{9F364861-EF51-48D9-B3E0-25E84CA00640}.Debug|Any CPU.ActiveCfg = Debug|Any CPU
		{9F364861-EF51-48D9-B3E0-25E84CA00640}.Debug|Any CPU.Build.0 = Debug|Any CPU
		{9F364861-EF51-48D9-B3E0-25E84CA00640}.Release|Any CPU.ActiveCfg = Release|Any CPU
		{9F364861-EF51-48D9-B3E0-25E84CA00640}.Release|Any CPU.Build.0 = Release|Any CPU
		{83419754-2634-4B51-B5CA-C2A81EEA3AA5}.Debug|Any CPU.ActiveCfg = Debug|Any CPU
		{83419754-2634-4B51-B5CA-C2A81EEA3AA5}.Debug|Any CPU.Build.0 = Debug|Any CPU
		{83419754-2634-4B51-B5CA-C2A81EEA3AA5}.Release|Any CPU.ActiveCfg = Release|Any CPU
		{83419754-2634-4B51-B5CA-C2A81EEA3AA5}.Release|Any CPU.Build.0 = Release|Any CPU
	EndGlobalSection
	GlobalSection(SolutionProperties) = preSolution
		HideSolutionNode = FALSE
	EndGlobalSection
	GlobalSection(NestedProjects) = preSolution
		{A0B17F43-6DF2-47E1-82F9-CF5C7EE94523} = {5894CCD6-BC4F-4887-AEB8-2A93D3421017}
		{2737C1B0-37A3-4993-B433-98265250070E} = {A0B17F43-6DF2-47E1-82F9-CF5C7EE94523}
		{6C5F3988-9FD6-4D86-AA71-8C87EEEC643A} = {5894CCD6-BC4F-4887-AEB8-2A93D3421017}
		{95D469FF-2AAE-445D-97EE-FA3C6CB50431} = {6C5F3988-9FD6-4D86-AA71-8C87EEEC643A}
		{031B4C23-766E-47E4-BBBD-E6A1EA05E670} = {5894CCD6-BC4F-4887-AEB8-2A93D3421017}
		{0B1E5B1A-EDAB-4CAE-93D0-A98127FC06B4} = {031B4C23-766E-47E4-BBBD-E6A1EA05E670}
		{8725D130-724F-4B42-99ED-F35F80E91533} = {031B4C23-766E-47E4-BBBD-E6A1EA05E670}
		{011E7810-7E3E-4F0E-8FCA-54C9D86E5A3A} = {031B4C23-766E-47E4-BBBD-E6A1EA05E670}
		{26A1984B-2828-4E45-A96E-41CCA963B32E} = {5894CCD6-BC4F-4887-AEB8-2A93D3421017}
		{7FA1AB16-3EFF-4209-B8A8-6D90C463121E} = {26A1984B-2828-4E45-A96E-41CCA963B32E}
		{D8E2DE17-47FB-4CBB-A59D-02F001285147} = {5E619671-969F-44DC-9CA9-F631BDA3E29B}
		{73A7AC19-7CFE-4140-8C94-9470F49C0F05} = {5E619671-969F-44DC-9CA9-F631BDA3E29B}
		{E8FFFF0A-B3A4-42A6-AE09-E4DF1F361629} = {5894CCD6-BC4F-4887-AEB8-2A93D3421017}
		{93460171-6837-41A8-A4A9-FC2AA8C26F9C} = {E8FFFF0A-B3A4-42A6-AE09-E4DF1F361629}
		{2650FD4F-9EFF-4F87-BAF0-52A1EA318DBE} = {5894CCD6-BC4F-4887-AEB8-2A93D3421017}
		{44023487-7885-4EC1-83B2-30420A25DEF2} = {2650FD4F-9EFF-4F87-BAF0-52A1EA318DBE}
		{9F364861-EF51-48D9-B3E0-25E84CA00640} = {2650FD4F-9EFF-4F87-BAF0-52A1EA318DBE}
		{83419754-2634-4B51-B5CA-C2A81EEA3AA5} = {2650FD4F-9EFF-4F87-BAF0-52A1EA318DBE}
	EndGlobalSection
	GlobalSection(ExtensibilityGlobals) = postSolution
		SolutionGuid = {FE85FC19-F636-4296-B18F-06C6190984DB}
	EndGlobalSection
EndGlobal
